Microsoft Visual Studio Solution File, Format Version 12.00
# Visual Studio 2012
Project("{95AF0168-B2A3-1D2B-B34D-84EF85FE049E}") = "Turing Tunes", "Assembly-CSharp-firstpass-vs.csproj", "{0836DCA7-3CD9-C610-CF3F-8C994E3C81CE}"
EndProject
Project("{95AF0168-B2A3-1D2B-B34D-84EF85FE049E}") = "Turing Tunes", "Assembly-CSharp-vs.csproj", "{AC257A4F-023A-DFD2-462E-0573521552D6}"
EndProject
Global
	GlobalSection(SolutionConfigurationPlatforms) = preSolution
		Debug|Any CPU = Debug|Any CPU
		Release|Any CPU = Release|Any CPU
	EndGlobalSection
	GlobalSection(ProjectConfigurationPlatforms) = postSolution
		{0836DCA7-3CD9-C610-CF3F-8C994E3C81CE}.Debug|Any CPU.ActiveCfg = Debug|Any CPU
		{0836DCA7-3CD9-C610-CF3F-8C994E3C81CE}.Debug|Any CPU.Build.0 = Debug|Any CPU
		{0836DCA7-3CD9-C610-CF3F-8C994E3C81CE}.Release|Any CPU.ActiveCfg = Release|Any CPU
		{0836DCA7-3CD9-C610-CF3F-8C994E3C81CE}.Release|Any CPU.Build.0 = Release|Any CPU
		{AC257A4F-023A-DFD2-462E-0573521552D6}.Debug|Any CPU.ActiveCfg = Debug|Any CPU
		{AC257A4F-023A-DFD2-462E-0573521552D6}.Debug|Any CPU.Build.0 = Debug|Any CPU
		{AC257A4F-023A-DFD2-462E-0573521552D6}.Release|Any CPU.ActiveCfg = Release|Any CPU
		{AC257A4F-023A-DFD2-462E-0573521552D6}.Release|Any CPU.Build.0 = Release|Any CPU
	EndGlobalSection
																							GlobalSection(MonoDevelopProperties) = preSolution
		StartupItem = Assembly-CSharp.csproj
		Policies = $0
		$0.TextStylePolicy = $1
		$1.inheritsSet = null
		$1.scope = text/x-csharp
		$0.CSharpFormattingPolicy = $2
		$2.inheritsSet = Mono
		$2.inheritsScope = text/x-csharp
		$2.scope = text/x-csharp
		$0.TextStylePolicy = $3
		$3.FileWidth = 120
		$3.TabWidth = 4
		$3.IndentWidth = 4
		$3.EolMarker = Unix
		$3.inheritsSet = Mono
		$3.inheritsScope = text/plain
		$3.scope = text/plain
	EndGlobalSection
EndGlobal
