
Microsoft Visual Studio Solution File, Format Version 12.00
# Visual Studio 2015
Project("{FAE04EC0-301F-11D3-BF4B-00C04F79EFBC}") = "Turing Tunes.CSharp.Plugins", "Turing Tunes.CSharp.Plugins.csproj", "{7F53E651-9AAD-86EF-619B-95071D5BA742}"
EndProject
Project("{FAE04EC0-301F-11D3-BF4B-00C04F79EFBC}") = "Turing Tunes.CSharp", "Turing Tunes.CSharp.csproj", "{B0B33504-12CF-85F9-3E14-2045805B17E9}"
EndProject
Project("{FAE04EC0-301F-11D3-BF4B-00C04F79EFBC}") = "Turing Tunes.CSharp.Editor.Plugins", "Turing Tunes.CSharp.Editor.Plugins.csproj", "{3DC5A966-AC80-5D0B-F925-9381A4BA6273}"
EndProject
Project("{FAE04EC0-301F-11D3-BF4B-00C04F79EFBC}") = "Turing Tunes.CSharp.Editor", "Turing Tunes.CSharp.Editor.csproj", "{A210E339-098D-24B0-02AA-45C72EEDED34}"
EndProject
Global
	GlobalSection(SolutionConfigurationPlatforms) = preSolution
		Debug|Any CPU = Debug|Any CPU
		Release|Any CPU = Release|Any CPU
	EndGlobalSection
	GlobalSection(ProjectConfigurationPlatforms) = postSolution
		{7F53E651-9AAD-86EF-619B-95071D5BA742}.Debug|Any CPU.ActiveCfg = Debug|Any CPU
		{7F53E651-9AAD-86EF-619B-95071D5BA742}.Debug|Any CPU.Build.0 = Debug|Any CPU
		{7F53E651-9AAD-86EF-619B-95071D5BA742}.Release|Any CPU.ActiveCfg = Release|Any CPU
		{7F53E651-9AAD-86EF-619B-95071D5BA742}.Release|Any CPU.Build.0 = Release|Any CPU
		{B0B33504-12CF-85F9-3E14-2045805B17E9}.Debug|Any CPU.ActiveCfg = Debug|Any CPU
		{B0B33504-12CF-85F9-3E14-2045805B17E9}.Debug|Any CPU.Build.0 = Debug|Any CPU
		{B0B33504-12CF-85F9-3E14-2045805B17E9}.Release|Any CPU.ActiveCfg = Release|Any CPU
		{B0B33504-12CF-85F9-3E14-2045805B17E9}.Release|Any CPU.Build.0 = Release|Any CPU
		{3DC5A966-AC80-5D0B-F925-9381A4BA6273}.Debug|Any CPU.ActiveCfg = Debug|Any CPU
		{3DC5A966-AC80-5D0B-F925-9381A4BA6273}.Debug|Any CPU.Build.0 = Debug|Any CPU
		{3DC5A966-AC80-5D0B-F925-9381A4BA6273}.Release|Any CPU.ActiveCfg = Release|Any CPU
		{3DC5A966-AC80-5D0B-F925-9381A4BA6273}.Release|Any CPU.Build.0 = Release|Any CPU
		{A210E339-098D-24B0-02AA-45C72EEDED34}.Debug|Any CPU.ActiveCfg = Debug|Any CPU
		{A210E339-098D-24B0-02AA-45C72EEDED34}.Debug|Any CPU.Build.0 = Debug|Any CPU
		{A210E339-098D-24B0-02AA-45C72EEDED34}.Release|Any CPU.ActiveCfg = Release|Any CPU
		{A210E339-098D-24B0-02AA-45C72EEDED34}.Release|Any CPU.Build.0 = Release|Any CPU
	EndGlobalSection
	GlobalSection(SolutionProperties) = preSolution
		HideSolutionNode = FALSE
	EndGlobalSection
EndGlobal
